
Microsoft Visual Studio Solution File, Format Version 12.00
# Visual Studio Version 17
VisualStudioVersion = 17.2.32602.215
MinimumVisualStudioVersion = 10.0.40219.1
Project("{2150E333-8FDC-42A3-9474-1A3956D46DE8}") = "src", "src", "{4E6CA2FE-84A6-4CAF-ACAC-26F41B02E2E5}"
EndProject
Project("{9A19103F-16F7-4668-BE54-9A1E7A4F7556}") = "HospitalAPI", "src\HospitalAPI\HospitalAPI.csproj", "{B96F768B-263D-47B3-AFBC-6BA3F9E34C36}"
EndProject
Project("{9A19103F-16F7-4668-BE54-9A1E7A4F7556}") = "IntegrationAPI", "src\IntegrationAPI\IntegrationAPI.csproj", "{5E986A18-8FEB-4AFB-9843-B5E30DAF456D}"
EndProject
Project("{9A19103F-16F7-4668-BE54-9A1E7A4F7556}") = "HospitalLibrary", "src\HospitalLibrary\HospitalLibrary.csproj", "{D4B8B668-2893-4448-8100-B8043F16E301}"
EndProject
Project("{9A19103F-16F7-4668-BE54-9A1E7A4F7556}") = "IntegrationLibrary", "src\IntegrationLibrary\IntegrationLibrary.csproj", "{EEA7FD47-F7B5-407A-82D1-D84435989F48}"
EndProject
Project("{9A19103F-16F7-4668-BE54-9A1E7A4F7556}") = "IntegrationTests", "..\..\IntegrationTests\IntegrationTests.csproj", "{462F365A-4BAA-4792-A668-BA01129FCAC7}"
EndProject
Global
	GlobalSection(SolutionConfigurationPlatforms) = preSolution
		Debug|Any CPU = Debug|Any CPU
		Release|Any CPU = Release|Any CPU
	EndGlobalSection
	GlobalSection(ProjectConfigurationPlatforms) = postSolution
		{B96F768B-263D-47B3-AFBC-6BA3F9E34C36}.Debug|Any CPU.ActiveCfg = Debug|Any CPU
		{B96F768B-263D-47B3-AFBC-6BA3F9E34C36}.Debug|Any CPU.Build.0 = Debug|Any CPU
		{B96F768B-263D-47B3-AFBC-6BA3F9E34C36}.Release|Any CPU.ActiveCfg = Release|Any CPU
		{B96F768B-263D-47B3-AFBC-6BA3F9E34C36}.Release|Any CPU.Build.0 = Release|Any CPU
		{5E986A18-8FEB-4AFB-9843-B5E30DAF456D}.Debug|Any CPU.ActiveCfg = Debug|Any CPU
		{5E986A18-8FEB-4AFB-9843-B5E30DAF456D}.Debug|Any CPU.Build.0 = Debug|Any CPU
		{5E986A18-8FEB-4AFB-9843-B5E30DAF456D}.Release|Any CPU.ActiveCfg = Release|Any CPU
		{5E986A18-8FEB-4AFB-9843-B5E30DAF456D}.Release|Any CPU.Build.0 = Release|Any CPU
		{D4B8B668-2893-4448-8100-B8043F16E301}.Debug|Any CPU.ActiveCfg = Debug|Any CPU
		{D4B8B668-2893-4448-8100-B8043F16E301}.Debug|Any CPU.Build.0 = Debug|Any CPU
		{D4B8B668-2893-4448-8100-B8043F16E301}.Release|Any CPU.ActiveCfg = Release|Any CPU
		{D4B8B668-2893-4448-8100-B8043F16E301}.Release|Any CPU.Build.0 = Release|Any CPU
		{EEA7FD47-F7B5-407A-82D1-D84435989F48}.Debug|Any CPU.ActiveCfg = Debug|Any CPU
		{EEA7FD47-F7B5-407A-82D1-D84435989F48}.Debug|Any CPU.Build.0 = Debug|Any CPU
		{EEA7FD47-F7B5-407A-82D1-D84435989F48}.Release|Any CPU.ActiveCfg = Release|Any CPU
		{EEA7FD47-F7B5-407A-82D1-D84435989F48}.Release|Any CPU.Build.0 = Release|Any CPU
		{462F365A-4BAA-4792-A668-BA01129FCAC7}.Debug|Any CPU.ActiveCfg = Debug|Any CPU
		{462F365A-4BAA-4792-A668-BA01129FCAC7}.Debug|Any CPU.Build.0 = Debug|Any CPU
		{462F365A-4BAA-4792-A668-BA01129FCAC7}.Release|Any CPU.ActiveCfg = Release|Any CPU
		{462F365A-4BAA-4792-A668-BA01129FCAC7}.Release|Any CPU.Build.0 = Release|Any CPU
	EndGlobalSection
	GlobalSection(SolutionProperties) = preSolution
		HideSolutionNode = FALSE
	EndGlobalSection
	GlobalSection(NestedProjects) = preSolution
		{B96F768B-263D-47B3-AFBC-6BA3F9E34C36} = {4E6CA2FE-84A6-4CAF-ACAC-26F41B02E2E5}
		{5E986A18-8FEB-4AFB-9843-B5E30DAF456D} = {4E6CA2FE-84A6-4CAF-ACAC-26F41B02E2E5}
		{D4B8B668-2893-4448-8100-B8043F16E301} = {4E6CA2FE-84A6-4CAF-ACAC-26F41B02E2E5}
		{EEA7FD47-F7B5-407A-82D1-D84435989F48} = {4E6CA2FE-84A6-4CAF-ACAC-26F41B02E2E5}
	EndGlobalSection
	GlobalSection(ExtensibilityGlobals) = postSolution
		SolutionGuid = {70B780B3-1435-4A39-953C-99EC39A4FCCF}
	EndGlobalSection
EndGlobal
